
Microsoft Visual Studio Solution File, Format Version 12.00
# Visual Studio Version 16
VisualStudioVersion = 16.0.30204.135
MinimumVisualStudioVersion = 10.0.40219.1
Project("{FAE04EC0-301F-11D3-BF4B-00C04F79EFBC}") = "JonathanGraduationBookApp", "JonathanGraduationBookApp\JonathanGraduationBookApp.csproj", "{6D8D0866-0CE4-434C-B91D-DF4A1F61E8FB}"
EndProject
Project("{FAE04EC0-301F-11D3-BF4B-00C04F79EFBC}") = "JonathanGraduationBookApp.Core", "JonathanGraduationBookApp.Core\JonathanGraduationBookApp.Core.csproj", "{E91765FE-840D-4BD4-88B8-569B399B86AB}"
EndProject
Project("{FAE04EC0-301F-11D3-BF4B-00C04F79EFBC}") = "JonathanGraduationBookApp.Infrastructure", "JonathanGraduationBookApp.Infrastructure\JonathanGraduationBookApp.Infrastructure.csproj", "{2AD1A0CD-393B-4AA5-B3F8-46D65064DBC2}"
EndProject
Global
	GlobalSection(SolutionConfigurationPlatforms) = preSolution
		Debug|Any CPU = Debug|Any CPU
		Release|Any CPU = Release|Any CPU
	EndGlobalSection
	GlobalSection(ProjectConfigurationPlatforms) = postSolution
		{6D8D0866-0CE4-434C-B91D-DF4A1F61E8FB}.Debug|Any CPU.ActiveCfg = Debug|Any CPU
		{6D8D0866-0CE4-434C-B91D-DF4A1F61E8FB}.Debug|Any CPU.Build.0 = Debug|Any CPU
		{6D8D0866-0CE4-434C-B91D-DF4A1F61E8FB}.Release|Any CPU.ActiveCfg = Release|Any CPU
		{6D8D0866-0CE4-434C-B91D-DF4A1F61E8FB}.Release|Any CPU.Build.0 = Release|Any CPU
		{E91765FE-840D-4BD4-88B8-569B399B86AB}.Debug|Any CPU.ActiveCfg = Debug|Any CPU
		{E91765FE-840D-4BD4-88B8-569B399B86AB}.Debug|Any CPU.Build.0 = Debug|Any CPU
		{E91765FE-840D-4BD4-88B8-569B399B86AB}.Release|Any CPU.ActiveCfg = Release|Any CPU
		{E91765FE-840D-4BD4-88B8-569B399B86AB}.Release|Any CPU.Build.0 = Release|Any CPU
		{2AD1A0CD-393B-4AA5-B3F8-46D65064DBC2}.Debug|Any CPU.ActiveCfg = Debug|Any CPU
		{2AD1A0CD-393B-4AA5-B3F8-46D65064DBC2}.Debug|Any CPU.Build.0 = Debug|Any CPU
		{2AD1A0CD-393B-4AA5-B3F8-46D65064DBC2}.Release|Any CPU.ActiveCfg = Release|Any CPU
		{2AD1A0CD-393B-4AA5-B3F8-46D65064DBC2}.Release|Any CPU.Build.0 = Release|Any CPU
	EndGlobalSection
	GlobalSection(SolutionProperties) = preSolution
		HideSolutionNode = FALSE
	EndGlobalSection
	GlobalSection(ExtensibilityGlobals) = postSolution
		SolutionGuid = {00A5E3D9-0683-4478-BC0A-AFA525109985}
	EndGlobalSection
EndGlobal
